// !$*UTF8*$!
{
	archiveVersion = 1;
	classes = {
	};
	objectVersion = 46;
	objects = {

/* Begin PBXBuildFile section */
		CE4240C316DEF9CD0021209B /* Icon.png in Resources */ = {isa = PBXBuildFile; fileRef = CE4240C216DEF9CD0021209B /* Icon.png */; };
		CE4240C516DEF9DB0021209B /* Icon@2x.png in Resources */ = {isa = PBXBuildFile; fileRef = CE4240C416DEF9DB0021209B /* Icon@2x.png */; };
		CE4240C716DEF9E40021209B /* Icon-72.png in Resources */ = {isa = PBXBuildFile; fileRef = CE4240C616DEF9E40021209B /* Icon-72.png */; };
		CE4240C916DEF9E80021209B /* Icon-72@2x.png in Resources */ = {isa = PBXBuildFile; fileRef = CE4240C816DEF9E80021209B /* Icon-72@2x.png */; };
		CE613DEF16E0333000F815C8 /* heart.png in Resources */ = {isa = PBXBuildFile; fileRef = CE613DED16E0333000F815C8 /* heart.png */; };
		CE613DF016E0333000F815C8 /* heart@2x.png in Resources */ = {isa = PBXBuildFile; fileRef = CE613DEE16E0333000F815C8 /* heart@2x.png */; };
		CE637A0E16E03F9F0091455F /* gear.png in Resources */ = {isa = PBXBuildFile; fileRef = CE637A0C16E03F9F0091455F /* gear.png */; };
		CE637A0F16E03F9F0091455F /* gear@2x.png in Resources */ = {isa = PBXBuildFile; fileRef = CE637A0D16E03F9F0091455F /* gear@2x.png */; };
		CE637A1216E04EEF0091455F /* OnlyPortraitNavigationController.m in Sources */ = {isa = PBXBuildFile; fileRef = CE637A1116E04EEF0091455F /* OnlyPortraitNavigationController.m */; };
		CE78556B16AB5BE40064460E /* CLPaletteViewController.m in Sources */ = {isa = PBXBuildFile; fileRef = CE78556A16AB5BE40064460E /* CLPaletteViewController.m */; };
		CE7855E116AE34110064460E /* CLMothership.m in Sources */ = {isa = PBXBuildFile; fileRef = CE7855E016AE34110064460E /* CLMothership.m */; };
		CE78560A16AE36980064460E /* Settings.bundle in Resources */ = {isa = PBXBuildFile; fileRef = CE78560916AE36980064460E /* Settings.bundle */; };
		CE78560B16AE3A400064460E /* AFHTTPClient.m in Sources */ = {isa = PBXBuildFile; fileRef = CE7855F716AE36140064460E /* AFHTTPClient.m */; };
		CE78560C16AE3A400064460E /* AFHTTPRequestOperation.m in Sources */ = {isa = PBXBuildFile; fileRef = CE7855F916AE36140064460E /* AFHTTPRequestOperation.m */; };
		CE78560D16AE3A400064460E /* AFImageRequestOperation.m in Sources */ = {isa = PBXBuildFile; fileRef = CE7855FB16AE36140064460E /* AFImageRequestOperation.m */; };
		CE78560E16AE3A400064460E /* AFJSONRequestOperation.m in Sources */ = {isa = PBXBuildFile; fileRef = CE7855FD16AE36140064460E /* AFJSONRequestOperation.m */; };
		CE78560F16AE3A400064460E /* AFNetworkActivityIndicatorManager.m in Sources */ = {isa = PBXBuildFile; fileRef = CE7855FF16AE36140064460E /* AFNetworkActivityIndicatorManager.m */; };
		CE78561016AE3A400064460E /* AFPropertyListRequestOperation.m in Sources */ = {isa = PBXBuildFile; fileRef = CE78560216AE36140064460E /* AFPropertyListRequestOperation.m */; };
		CE78561116AE3A400064460E /* AFURLConnectionOperation.m in Sources */ = {isa = PBXBuildFile; fileRef = CE78560416AE36140064460E /* AFURLConnectionOperation.m */; };
		CE78561216AE3A400064460E /* AFXMLRequestOperation.m in Sources */ = {isa = PBXBuildFile; fileRef = CE78560616AE36140064460E /* AFXMLRequestOperation.m */; };
		CE78561316AE3A400064460E /* UIImageView+AFNetworking.m in Sources */ = {isa = PBXBuildFile; fileRef = CE78560816AE36140064460E /* UIImageView+AFNetworking.m */; };
		CE78561D16AE42A50064460E /* SystemConfiguration.framework in Frameworks */ = {isa = PBXBuildFile; fileRef = CE78561C16AE42A50064460E /* SystemConfiguration.framework */; };
		CE78562016AE42AE0064460E /* MobileCoreServices.framework in Frameworks */ = {isa = PBXBuildFile; fileRef = CE78561F16AE42AE0064460E /* MobileCoreServices.framework */; };
		CE78563516BB47480064460E /* CLPrettyThingViewController.m in Sources */ = {isa = PBXBuildFile; fileRef = CE78563416BB47480064460E /* CLPrettyThingViewController.m */; };
		CE78563916BB48190064460E /* CLPrettyThing.m in Sources */ = {isa = PBXBuildFile; fileRef = CE78563816BB48190064460E /* CLPrettyThing.m */; };
		CE78564B16BCA30C0064460E /* SettingsViewController.m in Sources */ = {isa = PBXBuildFile; fileRef = CE78564916BCA30B0064460E /* SettingsViewController.m */; };
		CE78564C16BCA30C0064460E /* SettingsViewController.xib in Resources */ = {isa = PBXBuildFile; fileRef = CE78564A16BCA30C0064460E /* SettingsViewController.xib */; };
		CE78565116BE138E0064460E /* CLColor.m in Sources */ = {isa = PBXBuildFile; fileRef = CE78565016BE138E0064460E /* CLColor.m */; };
		CE78565516BE1D4C0064460E /* CLPattern.m in Sources */ = {isa = PBXBuildFile; fileRef = CE78565416BE1D4B0064460E /* CLPattern.m */; };
		CE78565916BE21330064460E /* CLColorViewController.m in Sources */ = {isa = PBXBuildFile; fileRef = CE78565816BE21330064460E /* CLColorViewController.m */; };
		CE78565C16BF707F0064460E /* CLPatternViewController.m in Sources */ = {isa = PBXBuildFile; fileRef = CE78565B16BF707F0064460E /* CLPatternViewController.m */; };
		CE78566216C0A9180064460E /* KLPatternShiftView.m in Sources */ = {isa = PBXBuildFile; fileRef = CE78566116C0A9180064460E /* KLPatternShiftView.m */; };
		CE804E1A16C4ACC70015FF35 /* NSMutableArray_Shuffling.m in Sources */ = {isa = PBXBuildFile; fileRef = CE804E1916C4ACC70015FF35 /* NSMutableArray_Shuffling.m */; };
		CED03B1216AA28660077CAB8 /* UIKit.framework in Frameworks */ = {isa = PBXBuildFile; fileRef = CED03B1116AA28660077CAB8 /* UIKit.framework */; };
		CED03B1416AA28660077CAB8 /* Foundation.framework in Frameworks */ = {isa = PBXBuildFile; fileRef = CED03B1316AA28660077CAB8 /* Foundation.framework */; };
		CED03B1616AA28660077CAB8 /* CoreGraphics.framework in Frameworks */ = {isa = PBXBuildFile; fileRef = CED03B1516AA28660077CAB8 /* CoreGraphics.framework */; };
		CED03B1C16AA28660077CAB8 /* InfoPlist.strings in Resources */ = {isa = PBXBuildFile; fileRef = CED03B1A16AA28660077CAB8 /* InfoPlist.strings */; };
		CED03B1E16AA28660077CAB8 /* main.m in Sources */ = {isa = PBXBuildFile; fileRef = CED03B1D16AA28660077CAB8 /* main.m */; };
		CED03B2216AA28660077CAB8 /* AppDelegate.m in Sources */ = {isa = PBXBuildFile; fileRef = CED03B2116AA28660077CAB8 /* AppDelegate.m */; };
		CED03B2B16AA28660077CAB8 /* MainStoryboard_iPhone.storyboard in Resources */ = {isa = PBXBuildFile; fileRef = CED03B2916AA28660077CAB8 /* MainStoryboard_iPhone.storyboard */; };
		CED03B2E16AA28660077CAB8 /* MainStoryboard_iPad.storyboard in Resources */ = {isa = PBXBuildFile; fileRef = CED03B2C16AA28660077CAB8 /* MainStoryboard_iPad.storyboard */; };
		CED03B3116AA28660077CAB8 /* ViewController.m in Sources */ = {isa = PBXBuildFile; fileRef = CED03B3016AA28660077CAB8 /* ViewController.m */; };
		CED03B3A16AA2D5C0077CAB8 /* CLPalette.m in Sources */ = {isa = PBXBuildFile; fileRef = CED03B3916AA2D5C0077CAB8 /* CLPalette.m */; };
		CED03B3D16AA2E220077CAB8 /* CLSlat.m in Sources */ = {isa = PBXBuildFile; fileRef = CED03B3C16AA2E220077CAB8 /* CLSlat.m */; };
		CED03B4616AA34240077CAB8 /* QuartzCore.framework in Frameworks */ = {isa = PBXBuildFile; fileRef = CED03B4516AA34230077CAB8 /* QuartzCore.framework */; };
		CED1B71316E6D2A8007C066D /* Default.png in Resources */ = {isa = PBXBuildFile; fileRef = CED1B71016E6D2A8007C066D /* Default.png */; };
		CED1B71416E6D2A8007C066D /* Default-568h@2x.png in Resources */ = {isa = PBXBuildFile; fileRef = CED1B71116E6D2A8007C066D /* Default-568h@2x.png */; };
		CED1B71516E6D2A8007C066D /* Default@2x.png in Resources */ = {isa = PBXBuildFile; fileRef = CED1B71216E6D2A8007C066D /* Default@2x.png */; };
		CED1B71A16E6D575007C066D /* Default-Landscape.png in Resources */ = {isa = PBXBuildFile; fileRef = CED1B71616E6D575007C066D /* Default-Landscape.png */; };
		CED1B71B16E6D575007C066D /* Default-Landscape@2x.png in Resources */ = {isa = PBXBuildFile; fileRef = CED1B71716E6D575007C066D /* Default-Landscape@2x.png */; };
		CED1B71C16E6D575007C066D /* Default-Portrait.png in Resources */ = {isa = PBXBuildFile; fileRef = CED1B71816E6D575007C066D /* Default-Portrait.png */; };
		CED1B71D16E6D575007C066D /* Default-Portrait@2x.png in Resources */ = {isa = PBXBuildFile; fileRef = CED1B71916E6D575007C066D /* Default-Portrait@2x.png */; };
		CED1B72316E839CB007C066D /* 1136x1136.png in Resources */ = {isa = PBXBuildFile; fileRef = CED1B72116E839CB007C066D /* 1136x1136.png */; };
		CED1B72416E839CB007C066D /* 2048x2048.png in Resources */ = {isa = PBXBuildFile; fileRef = CED1B72216E839CB007C066D /* 2048x2048.png */; };
		CED1B72616E83DB5007C066D /* 960x960.png in Resources */ = {isa = PBXBuildFile; fileRef = CED1B72516E83DB5007C066D /* 960x960.png */; };
		CED1B72816E848D5007C066D /* 480x480.png in Resources */ = {isa = PBXBuildFile; fileRef = CED1B72716E848D5007C066D /* 480x480.png */; };
		CED1B72A16E848E8007C066D /* 1024x1024.png in Resources */ = {isa = PBXBuildFile; fileRef = CED1B72916E848E8007C066D /* 1024x1024.png */; };
/* End PBXBuildFile section */

/* Begin PBXFileReference section */
		CE4240C216DEF9CD0021209B /* Icon.png */ = {isa = PBXFileReference; lastKnownFileType = image.png; name = Icon.png; path = ../Icon.png; sourceTree = "<group>"; };
		CE4240C416DEF9DB0021209B /* Icon@2x.png */ = {isa = PBXFileReference; lastKnownFileType = image.png; name = "Icon@2x.png"; path = "../Icon@2x.png"; sourceTree = "<group>"; };
		CE4240C616DEF9E40021209B /* Icon-72.png */ = {isa = PBXFileReference; lastKnownFileType = image.png; name = "Icon-72.png"; path = "../Icon-72.png"; sourceTree = "<group>"; };
		CE4240C816DEF9E80021209B /* Icon-72@2x.png */ = {isa = PBXFileReference; lastKnownFileType = image.png; name = "Icon-72@2x.png"; path = "../Icon-72@2x.png"; sourceTree = "<group>"; };
		CE613DED16E0333000F815C8 /* heart.png */ = {isa = PBXFileReference; lastKnownFileType = image.png; path = heart.png; sourceTree = "<group>"; };
		CE613DEE16E0333000F815C8 /* heart@2x.png */ = {isa = PBXFileReference; lastKnownFileType = image.png; path = "heart@2x.png"; sourceTree = "<group>"; };
		CE637A0C16E03F9F0091455F /* gear.png */ = {isa = PBXFileReference; lastKnownFileType = image.png; path = gear.png; sourceTree = "<group>"; };
		CE637A0D16E03F9F0091455F /* gear@2x.png */ = {isa = PBXFileReference; lastKnownFileType = image.png; path = "gear@2x.png"; sourceTree = "<group>"; };
		CE637A1016E04EEF0091455F /* OnlyPortraitNavigationController.h */ = {isa = PBXFileReference; fileEncoding = 4; lastKnownFileType = sourcecode.c.h; path = OnlyPortraitNavigationController.h; sourceTree = "<group>"; };
		CE637A1116E04EEF0091455F /* OnlyPortraitNavigationController.m */ = {isa = PBXFileReference; fileEncoding = 4; lastKnownFileType = sourcecode.c.objc; path = OnlyPortraitNavigationController.m; sourceTree = "<group>"; };
		CE78556916AB5BE40064460E /* CLPaletteViewController.h */ = {isa = PBXFileReference; fileEncoding = 4; lastKnownFileType = sourcecode.c.h; path = CLPaletteViewController.h; sourceTree = "<group>"; };
		CE78556A16AB5BE40064460E /* CLPaletteViewController.m */ = {isa = PBXFileReference; fileEncoding = 4; lastKnownFileType = sourcecode.c.objc; path = CLPaletteViewController.m; sourceTree = "<group>"; };
		CE7855DF16AE34110064460E /* CLMothership.h */ = {isa = PBXFileReference; fileEncoding = 4; lastKnownFileType = sourcecode.c.h; path = CLMothership.h; sourceTree = "<group>"; };
		CE7855E016AE34110064460E /* CLMothership.m */ = {isa = PBXFileReference; fileEncoding = 4; lastKnownFileType = sourcecode.c.objc; path = CLMothership.m; sourceTree = "<group>"; };
		CE7855F616AE36140064460E /* AFHTTPClient.h */ = {isa = PBXFileReference; lastKnownFileType = sourcecode.c.h; path = AFHTTPClient.h; sourceTree = "<group>"; };
		CE7855F716AE36140064460E /* AFHTTPClient.m */ = {isa = PBXFileReference; lastKnownFileType = sourcecode.c.objc; path = AFHTTPClient.m; sourceTree = "<group>"; };
		CE7855F816AE36140064460E /* AFHTTPRequestOperation.h */ = {isa = PBXFileReference; lastKnownFileType = sourcecode.c.h; path = AFHTTPRequestOperation.h; sourceTree = "<group>"; };
		CE7855F916AE36140064460E /* AFHTTPRequestOperation.m */ = {isa = PBXFileReference; lastKnownFileType = sourcecode.c.objc; path = AFHTTPRequestOperation.m; sourceTree = "<group>"; };
		CE7855FA16AE36140064460E /* AFImageRequestOperation.h */ = {isa = PBXFileReference; lastKnownFileType = sourcecode.c.h; path = AFImageRequestOperation.h; sourceTree = "<group>"; };
		CE7855FB16AE36140064460E /* AFImageRequestOperation.m */ = {isa = PBXFileReference; lastKnownFileType = sourcecode.c.objc; path = AFImageRequestOperation.m; sourceTree = "<group>"; };
		CE7855FC16AE36140064460E /* AFJSONRequestOperation.h */ = {isa = PBXFileReference; lastKnownFileType = sourcecode.c.h; path = AFJSONRequestOperation.h; sourceTree = "<group>"; };
		CE7855FD16AE36140064460E /* AFJSONRequestOperation.m */ = {isa = PBXFileReference; lastKnownFileType = sourcecode.c.objc; path = AFJSONRequestOperation.m; sourceTree = "<group>"; };
		CE7855FE16AE36140064460E /* AFNetworkActivityIndicatorManager.h */ = {isa = PBXFileReference; lastKnownFileType = sourcecode.c.h; path = AFNetworkActivityIndicatorManager.h; sourceTree = "<group>"; };
		CE7855FF16AE36140064460E /* AFNetworkActivityIndicatorManager.m */ = {isa = PBXFileReference; lastKnownFileType = sourcecode.c.objc; path = AFNetworkActivityIndicatorManager.m; sourceTree = "<group>"; };
		CE78560016AE36140064460E /* AFNetworking.h */ = {isa = PBXFileReference; lastKnownFileType = sourcecode.c.h; path = AFNetworking.h; sourceTree = "<group>"; };
		CE78560116AE36140064460E /* AFPropertyListRequestOperation.h */ = {isa = PBXFileReference; lastKnownFileType = sourcecode.c.h; path = AFPropertyListRequestOperation.h; sourceTree = "<group>"; };
		CE78560216AE36140064460E /* AFPropertyListRequestOperation.m */ = {isa = PBXFileReference; lastKnownFileType = sourcecode.c.objc; path = AFPropertyListRequestOperation.m; sourceTree = "<group>"; };
		CE78560316AE36140064460E /* AFURLConnectionOperation.h */ = {isa = PBXFileReference; lastKnownFileType = sourcecode.c.h; path = AFURLConnectionOperation.h; sourceTree = "<group>"; };
		CE78560416AE36140064460E /* AFURLConnectionOperation.m */ = {isa = PBXFileReference; lastKnownFileType = sourcecode.c.objc; path = AFURLConnectionOperation.m; sourceTree = "<group>"; };
		CE78560516AE36140064460E /* AFXMLRequestOperation.h */ = {isa = PBXFileReference; lastKnownFileType = sourcecode.c.h; path = AFXMLRequestOperation.h; sourceTree = "<group>"; };
		CE78560616AE36140064460E /* AFXMLRequestOperation.m */ = {isa = PBXFileReference; lastKnownFileType = sourcecode.c.objc; path = AFXMLRequestOperation.m; sourceTree = "<group>"; };
		CE78560716AE36140064460E /* UIImageView+AFNetworking.h */ = {isa = PBXFileReference; lastKnownFileType = sourcecode.c.h; path = "UIImageView+AFNetworking.h"; sourceTree = "<group>"; };
		CE78560816AE36140064460E /* UIImageView+AFNetworking.m */ = {isa = PBXFileReference; lastKnownFileType = sourcecode.c.objc; path = "UIImageView+AFNetworking.m"; sourceTree = "<group>"; };
		CE78560916AE36980064460E /* Settings.bundle */ = {isa = PBXFileReference; lastKnownFileType = "wrapper.plug-in"; path = Settings.bundle; sourceTree = "<group>"; };
		CE78561C16AE42A50064460E /* SystemConfiguration.framework */ = {isa = PBXFileReference; lastKnownFileType = wrapper.framework; name = SystemConfiguration.framework; path = System/Library/Frameworks/SystemConfiguration.framework; sourceTree = SDKROOT; };
		CE78561F16AE42AE0064460E /* MobileCoreServices.framework */ = {isa = PBXFileReference; lastKnownFileType = wrapper.framework; name = MobileCoreServices.framework; path = System/Library/Frameworks/MobileCoreServices.framework; sourceTree = SDKROOT; };
		CE78563316BB47480064460E /* CLPrettyThingViewController.h */ = {isa = PBXFileReference; fileEncoding = 4; lastKnownFileType = sourcecode.c.h; path = CLPrettyThingViewController.h; sourceTree = "<group>"; };
		CE78563416BB47480064460E /* CLPrettyThingViewController.m */ = {isa = PBXFileReference; fileEncoding = 4; lastKnownFileType = sourcecode.c.objc; path = CLPrettyThingViewController.m; sourceTree = "<group>"; };
		CE78563716BB48190064460E /* CLPrettyThing.h */ = {isa = PBXFileReference; fileEncoding = 4; lastKnownFileType = sourcecode.c.h; path = CLPrettyThing.h; sourceTree = "<group>"; };
		CE78563816BB48190064460E /* CLPrettyThing.m */ = {isa = PBXFileReference; fileEncoding = 4; lastKnownFileType = sourcecode.c.objc; path = CLPrettyThing.m; sourceTree = "<group>"; };
		CE78564816BCA30B0064460E /* SettingsViewController.h */ = {isa = PBXFileReference; fileEncoding = 4; lastKnownFileType = sourcecode.c.h; path = SettingsViewController.h; sourceTree = "<group>"; };
		CE78564916BCA30B0064460E /* SettingsViewController.m */ = {isa = PBXFileReference; fileEncoding = 4; lastKnownFileType = sourcecode.c.objc; path = SettingsViewController.m; sourceTree = "<group>"; };
		CE78564A16BCA30C0064460E /* SettingsViewController.xib */ = {isa = PBXFileReference; fileEncoding = 4; lastKnownFileType = file.xib; path = SettingsViewController.xib; sourceTree = "<group>"; };
		CE78564F16BE138E0064460E /* CLColor.h */ = {isa = PBXFileReference; fileEncoding = 4; lastKnownFileType = sourcecode.c.h; path = CLColor.h; sourceTree = "<group>"; };
		CE78565016BE138E0064460E /* CLColor.m */ = {isa = PBXFileReference; fileEncoding = 4; lastKnownFileType = sourcecode.c.objc; path = CLColor.m; sourceTree = "<group>"; };
		CE78565316BE1D4B0064460E /* CLPattern.h */ = {isa = PBXFileReference; fileEncoding = 4; lastKnownFileType = sourcecode.c.h; path = CLPattern.h; sourceTree = "<group>"; };
		CE78565416BE1D4B0064460E /* CLPattern.m */ = {isa = PBXFileReference; fileEncoding = 4; lastKnownFileType = sourcecode.c.objc; path = CLPattern.m; sourceTree = "<group>"; };
		CE78565716BE21330064460E /* CLColorViewController.h */ = {isa = PBXFileReference; fileEncoding = 4; lastKnownFileType = sourcecode.c.h; path = CLColorViewController.h; sourceTree = "<group>"; };
		CE78565816BE21330064460E /* CLColorViewController.m */ = {isa = PBXFileReference; fileEncoding = 4; lastKnownFileType = sourcecode.c.objc; path = CLColorViewController.m; sourceTree = "<group>"; };
		CE78565A16BF707E0064460E /* CLPatternViewController.h */ = {isa = PBXFileReference; fileEncoding = 4; lastKnownFileType = sourcecode.c.h; path = CLPatternViewController.h; sourceTree = "<group>"; };
		CE78565B16BF707F0064460E /* CLPatternViewController.m */ = {isa = PBXFileReference; fileEncoding = 4; lastKnownFileType = sourcecode.c.objc; path = CLPatternViewController.m; sourceTree = "<group>"; };
		CE78566016C0A9180064460E /* KLPatternShiftView.h */ = {isa = PBXFileReference; fileEncoding = 4; lastKnownFileType = sourcecode.c.h; path = KLPatternShiftView.h; sourceTree = "<group>"; };
		CE78566116C0A9180064460E /* KLPatternShiftView.m */ = {isa = PBXFileReference; fileEncoding = 4; lastKnownFileType = sourcecode.c.objc; path = KLPatternShiftView.m; sourceTree = "<group>"; };
		CE804E1816C4ACC70015FF35 /* NSMutableArray_Shuffling.h */ = {isa = PBXFileReference; fileEncoding = 4; lastKnownFileType = sourcecode.c.h; path = NSMutableArray_Shuffling.h; sourceTree = "<group>"; };
		CE804E1916C4ACC70015FF35 /* NSMutableArray_Shuffling.m */ = {isa = PBXFileReference; fileEncoding = 4; lastKnownFileType = sourcecode.c.objc; path = NSMutableArray_Shuffling.m; sourceTree = "<group>"; };
		CED03B0D16AA28660077CAB8 /* LoveLetter.app */ = {isa = PBXFileReference; explicitFileType = wrapper.application; includeInIndex = 0; path = LoveLetter.app; sourceTree = BUILT_PRODUCTS_DIR; };
		CED03B1116AA28660077CAB8 /* UIKit.framework */ = {isa = PBXFileReference; lastKnownFileType = wrapper.framework; name = UIKit.framework; path = System/Library/Frameworks/UIKit.framework; sourceTree = SDKROOT; };
		CED03B1316AA28660077CAB8 /* Foundation.framework */ = {isa = PBXFileReference; lastKnownFileType = wrapper.framework; name = Foundation.framework; path = System/Library/Frameworks/Foundation.framework; sourceTree = SDKROOT; };
		CED03B1516AA28660077CAB8 /* CoreGraphics.framework */ = {isa = PBXFileReference; lastKnownFileType = wrapper.framework; name = CoreGraphics.framework; path = System/Library/Frameworks/CoreGraphics.framework; sourceTree = SDKROOT; };
		CED03B1916AA28660077CAB8 /* LoveLetter-Info.plist */ = {isa = PBXFileReference; lastKnownFileType = text.plist.xml; path = "LoveLetter-Info.plist"; sourceTree = "<group>"; };
		CED03B1B16AA28660077CAB8 /* en */ = {isa = PBXFileReference; lastKnownFileType = text.plist.strings; name = en; path = en.lproj/InfoPlist.strings; sourceTree = "<group>"; };
		CED03B1D16AA28660077CAB8 /* main.m */ = {isa = PBXFileReference; lastKnownFileType = sourcecode.c.objc; path = main.m; sourceTree = "<group>"; };
		CED03B1F16AA28660077CAB8 /* LoveLetter-Prefix.pch */ = {isa = PBXFileReference; lastKnownFileType = sourcecode.c.h; path = "LoveLetter-Prefix.pch"; sourceTree = "<group>"; };
		CED03B2016AA28660077CAB8 /* AppDelegate.h */ = {isa = PBXFileReference; lastKnownFileType = sourcecode.c.h; path = AppDelegate.h; sourceTree = "<group>"; };
		CED03B2116AA28660077CAB8 /* AppDelegate.m */ = {isa = PBXFileReference; lastKnownFileType = sourcecode.c.objc; path = AppDelegate.m; sourceTree = "<group>"; };
		CED03B2A16AA28660077CAB8 /* en */ = {isa = PBXFileReference; lastKnownFileType = file.storyboard; name = en; path = en.lproj/MainStoryboard_iPhone.storyboard; sourceTree = "<group>"; };
		CED03B2D16AA28660077CAB8 /* en */ = {isa = PBXFileReference; lastKnownFileType = file.storyboard; name = en; path = en.lproj/MainStoryboard_iPad.storyboard; sourceTree = "<group>"; };
		CED03B2F16AA28660077CAB8 /* ViewController.h */ = {isa = PBXFileReference; lastKnownFileType = sourcecode.c.h; path = ViewController.h; sourceTree = "<group>"; };
		CED03B3016AA28660077CAB8 /* ViewController.m */ = {isa = PBXFileReference; lastKnownFileType = sourcecode.c.objc; path = ViewController.m; sourceTree = "<group>"; };
		CED03B3816AA2D5C0077CAB8 /* CLPalette.h */ = {isa = PBXFileReference; fileEncoding = 4; lastKnownFileType = sourcecode.c.h; path = CLPalette.h; sourceTree = "<group>"; };
		CED03B3916AA2D5C0077CAB8 /* CLPalette.m */ = {isa = PBXFileReference; fileEncoding = 4; lastKnownFileType = sourcecode.c.objc; path = CLPalette.m; sourceTree = "<group>"; };
		CED03B3B16AA2E220077CAB8 /* CLSlat.h */ = {isa = PBXFileReference; fileEncoding = 4; lastKnownFileType = sourcecode.c.h; path = CLSlat.h; sourceTree = "<group>"; };
		CED03B3C16AA2E220077CAB8 /* CLSlat.m */ = {isa = PBXFileReference; fileEncoding = 4; lastKnownFileType = sourcecode.c.objc; path = CLSlat.m; sourceTree = "<group>"; };
		CED03B4516AA34230077CAB8 /* QuartzCore.framework */ = {isa = PBXFileReference; lastKnownFileType = wrapper.framework; name = QuartzCore.framework; path = System/Library/Frameworks/QuartzCore.framework; sourceTree = SDKROOT; };
		CED03B4716AA37200077CAB8 /* constants.h */ = {isa = PBXFileReference; fileEncoding = 4; lastKnownFileType = sourcecode.c.h; path = constants.h; sourceTree = "<group>"; };
		CED1B71016E6D2A8007C066D /* Default.png */ = {isa = PBXFileReference; lastKnownFileType = image.png; path = Default.png; sourceTree = "<group>"; };
		CED1B71116E6D2A8007C066D /* Default-568h@2x.png */ = {isa = PBXFileReference; lastKnownFileType = image.png; path = "Default-568h@2x.png"; sourceTree = "<group>"; };
		CED1B71216E6D2A8007C066D /* Default@2x.png */ = {isa = PBXFileReference; lastKnownFileType = image.png; path = "Default@2x.png"; sourceTree = "<group>"; };
		CED1B71616E6D575007C066D /* Default-Landscape.png */ = {isa = PBXFileReference; lastKnownFileType = image.png; path = "Default-Landscape.png"; sourceTree = "<group>"; };
		CED1B71716E6D575007C066D /* Default-Landscape@2x.png */ = {isa = PBXFileReference; lastKnownFileType = image.png; path = "Default-Landscape@2x.png"; sourceTree = "<group>"; };
		CED1B71816E6D575007C066D /* Default-Portrait.png */ = {isa = PBXFileReference; lastKnownFileType = image.png; path = "Default-Portrait.png"; sourceTree = "<group>"; };
		CED1B71916E6D575007C066D /* Default-Portrait@2x.png */ = {isa = PBXFileReference; lastKnownFileType = image.png; path = "Default-Portrait@2x.png"; sourceTree = "<group>"; };
		CED1B72116E839CB007C066D /* 1136x1136.png */ = {isa = PBXFileReference; lastKnownFileType = image.png; path = 1136x1136.png; sourceTree = "<group>"; };
		CED1B72216E839CB007C066D /* 2048x2048.png */ = {isa = PBXFileReference; lastKnownFileType = image.png; path = 2048x2048.png; sourceTree = "<group>"; };
		CED1B72516E83DB5007C066D /* 960x960.png */ = {isa = PBXFileReference; lastKnownFileType = image.png; path = 960x960.png; sourceTree = "<group>"; };
		CED1B72716E848D5007C066D /* 480x480.png */ = {isa = PBXFileReference; lastKnownFileType = image.png; path = 480x480.png; sourceTree = "<group>"; };
		CED1B72916E848E8007C066D /* 1024x1024.png */ = {isa = PBXFileReference; lastKnownFileType = image.png; path = 1024x1024.png; sourceTree = "<group>"; };
/* End PBXFileReference section */

/* Begin PBXFrameworksBuildPhase section */
		CED03B0A16AA28660077CAB8 /* Frameworks */ = {
			isa = PBXFrameworksBuildPhase;
			buildActionMask = 2147483647;
			files = (
				CE78562016AE42AE0064460E /* MobileCoreServices.framework in Frameworks */,
				CE78561D16AE42A50064460E /* SystemConfiguration.framework in Frameworks */,
				CED03B4616AA34240077CAB8 /* QuartzCore.framework in Frameworks */,
				CED03B1216AA28660077CAB8 /* UIKit.framework in Frameworks */,
				CED03B1416AA28660077CAB8 /* Foundation.framework in Frameworks */,
				CED03B1616AA28660077CAB8 /* CoreGraphics.framework in Frameworks */,
			);
			runOnlyForDeploymentPostprocessing = 0;
		};
/* End PBXFrameworksBuildPhase section */

/* Begin PBXGroup section */
		CE307E2816D1A6BC0057A2FB /* Icons */ = {
			isa = PBXGroup;
			children = (
				CE613DED16E0333000F815C8 /* heart.png */,
				CE613DEE16E0333000F815C8 /* heart@2x.png */,
				CE637A0C16E03F9F0091455F /* gear.png */,
				CE637A0D16E03F9F0091455F /* gear@2x.png */,
				CE613DE816E0325500F815C8 /* App Icon */,
			);
			name = Icons;
			sourceTree = "<group>";
		};
		CE613DE816E0325500F815C8 /* App Icon */ = {
			isa = PBXGroup;
			children = (
				CE4240C816DEF9E80021209B /* Icon-72@2x.png */,
				CE4240C616DEF9E40021209B /* Icon-72.png */,
				CE4240C416DEF9DB0021209B /* Icon@2x.png */,
				CE4240C216DEF9CD0021209B /* Icon.png */,
			);
			name = "App Icon";
			sourceTree = "<group>";
		};
		CE637A1316E04EF40091455F /* OnlyPortraitNavigationController */ = {
			isa = PBXGroup;
			children = (
				CE637A1016E04EEF0091455F /* OnlyPortraitNavigationController.h */,
				CE637A1116E04EEF0091455F /* OnlyPortraitNavigationController.m */,
			);
			name = OnlyPortraitNavigationController;
			sourceTree = "<group>";
		};
		CE7855E316AE34220064460E /* Model */ = {
			isa = PBXGroup;
			children = (
				CE78563A16BB481E0064460E /* Abstract */,
				CE78565216BE139E0064460E /* Colors */,
				CE78564E16BE135F0064460E /* Palettes */,
				CE78565616BE1D5B0064460E /* Patterns */,
			);
			name = Model;
			sourceTree = "<group>";
		};
		CE7855F316AE35C10064460E /* External */ = {
			isa = PBXGroup;
			children = (
				CE7855F516AE35DD0064460E /* AFNetworking (ba9185d) */,
				CE804E1B16C4ACD30015FF35 /* NSMutableArray_Shuffling */,
				CE637A1316E04EF40091455F /* OnlyPortraitNavigationController */,
			);
			name = External;
			sourceTree = "<group>";
		};
		CE7855F516AE35DD0064460E /* AFNetworking (ba9185d) */ = {
			isa = PBXGroup;
			children = (
				CE7855F616AE36140064460E /* AFHTTPClient.h */,
				CE7855F716AE36140064460E /* AFHTTPClient.m */,
				CE7855F816AE36140064460E /* AFHTTPRequestOperation.h */,
				CE7855F916AE36140064460E /* AFHTTPRequestOperation.m */,
				CE7855FA16AE36140064460E /* AFImageRequestOperation.h */,
				CE7855FB16AE36140064460E /* AFImageRequestOperation.m */,
				CE7855FC16AE36140064460E /* AFJSONRequestOperation.h */,
				CE7855FD16AE36140064460E /* AFJSONRequestOperation.m */,
				CE7855FE16AE36140064460E /* AFNetworkActivityIndicatorManager.h */,
				CE7855FF16AE36140064460E /* AFNetworkActivityIndicatorManager.m */,
				CE78560016AE36140064460E /* AFNetworking.h */,
				CE78560116AE36140064460E /* AFPropertyListRequestOperation.h */,
				CE78560216AE36140064460E /* AFPropertyListRequestOperation.m */,
				CE78560316AE36140064460E /* AFURLConnectionOperation.h */,
				CE78560416AE36140064460E /* AFURLConnectionOperation.m */,
				CE78560516AE36140064460E /* AFXMLRequestOperation.h */,
				CE78560616AE36140064460E /* AFXMLRequestOperation.m */,
				CE78560716AE36140064460E /* UIImageView+AFNetworking.h */,
				CE78560816AE36140064460E /* UIImageView+AFNetworking.m */,
			);
			name = "AFNetworking (ba9185d)";
			sourceTree = "<group>";
		};
		CE78563A16BB481E0064460E /* Abstract */ = {
			isa = PBXGroup;
			children = (
				CE78563716BB48190064460E /* CLPrettyThing.h */,
				CE78563816BB48190064460E /* CLPrettyThing.m */,
			);
			name = Abstract;
			sourceTree = "<group>";
		};
		CE78563B16BB482D0064460E /* Abstract */ = {
			isa = PBXGroup;
			children = (
				CE78563316BB47480064460E /* CLPrettyThingViewController.h */,
				CE78563416BB47480064460E /* CLPrettyThingViewController.m */,
			);
			name = Abstract;
			sourceTree = "<group>";
		};
		CE78564E16BE135F0064460E /* Palettes */ = {
			isa = PBXGroup;
			children = (
				CED03B3816AA2D5C0077CAB8 /* CLPalette.h */,
				CED03B3916AA2D5C0077CAB8 /* CLPalette.m */,
				CED03B3B16AA2E220077CAB8 /* CLSlat.h */,
				CED03B3C16AA2E220077CAB8 /* CLSlat.m */,
			);
			name = Palettes;
			sourceTree = "<group>";
		};
		CE78565216BE139E0064460E /* Colors */ = {
			isa = PBXGroup;
			children = (
				CE78564F16BE138E0064460E /* CLColor.h */,
				CE78565016BE138E0064460E /* CLColor.m */,
			);
			name = Colors;
			sourceTree = "<group>";
		};
		CE78565616BE1D5B0064460E /* Patterns */ = {
			isa = PBXGroup;
			children = (
				CE78565316BE1D4B0064460E /* CLPattern.h */,
				CE78565416BE1D4B0064460E /* CLPattern.m */,
			);
			name = Patterns;
			sourceTree = "<group>";
		};
		CE78565D16C0A7FA0064460E /* Colors */ = {
			isa = PBXGroup;
			children = (
				CE78565716BE21330064460E /* CLColorViewController.h */,
				CE78565816BE21330064460E /* CLColorViewController.m */,
			);
			name = Colors;
			sourceTree = "<group>";
		};
		CE78565E16C0A8040064460E /* Palettes */ = {
			isa = PBXGroup;
			children = (
				CE78556916AB5BE40064460E /* CLPaletteViewController.h */,
				CE78556A16AB5BE40064460E /* CLPaletteViewController.m */,
			);
			name = Palettes;
			sourceTree = "<group>";
		};
		CE78565F16C0A8140064460E /* Patterns */ = {
			isa = PBXGroup;
			children = (
				CE78565A16BF707E0064460E /* CLPatternViewController.h */,
				CE78565B16BF707F0064460E /* CLPatternViewController.m */,
				CE78566016C0A9180064460E /* KLPatternShiftView.h */,
				CE78566116C0A9180064460E /* KLPatternShiftView.m */,
			);
			name = Patterns;
			sourceTree = "<group>";
		};
		CE804E1B16C4ACD30015FF35 /* NSMutableArray_Shuffling */ = {
			isa = PBXGroup;
			children = (
				CE804E1816C4ACC70015FF35 /* NSMutableArray_Shuffling.h */,
				CE804E1916C4ACC70015FF35 /* NSMutableArray_Shuffling.m */,
			);
			name = NSMutableArray_Shuffling;
			sourceTree = "<group>";
		};
		CED03B0216AA28660077CAB8 = {
			isa = PBXGroup;
			children = (
				CED03B1716AA28660077CAB8 /* LoveLetter */,
				CED03B1016AA28660077CAB8 /* Frameworks */,
				CED03B0E16AA28660077CAB8 /* Products */,
			);
			sourceTree = "<group>";
		};
		CED03B0E16AA28660077CAB8 /* Products */ = {
			isa = PBXGroup;
			children = (
				CED03B0D16AA28660077CAB8 /* LoveLetter.app */,
			);
			name = Products;
			sourceTree = "<group>";
		};
		CED03B1016AA28660077CAB8 /* Frameworks */ = {
			isa = PBXGroup;
			children = (
				CE78561F16AE42AE0064460E /* MobileCoreServices.framework */,
				CE78561C16AE42A50064460E /* SystemConfiguration.framework */,
				CED03B4516AA34230077CAB8 /* QuartzCore.framework */,
				CED03B1116AA28660077CAB8 /* UIKit.framework */,
				CED03B1316AA28660077CAB8 /* Foundation.framework */,
				CED03B1516AA28660077CAB8 /* CoreGraphics.framework */,
			);
			name = Frameworks;
			sourceTree = "<group>";
		};
		CED03B1716AA28660077CAB8 /* LoveLetter */ = {
			isa = PBXGroup;
			children = (
				CED03B3716AA2D0A0077CAB8 /* ColourLovers */,
				CED03B3E16AA322C0077CAB8 /* Pretty Views */,
				CED03B2016AA28660077CAB8 /* AppDelegate.h */,
				CED03B2116AA28660077CAB8 /* AppDelegate.m */,
				CED03B2916AA28660077CAB8 /* MainStoryboard_iPhone.storyboard */,
				CED03B2C16AA28660077CAB8 /* MainStoryboard_iPad.storyboard */,
				CED03B2F16AA28660077CAB8 /* ViewController.h */,
				CED03B3016AA28660077CAB8 /* ViewController.m */,
				CE78564816BCA30B0064460E /* SettingsViewController.h */,
				CE78564916BCA30B0064460E /* SettingsViewController.m */,
				CE78564A16BCA30C0064460E /* SettingsViewController.xib */,
				CED03B1816AA28660077CAB8 /* Supporting Files */,
				CED1B72016E837D3007C066D /* Images */,
				CE7855F316AE35C10064460E /* External */,
			);
			path = LoveLetter;
			sourceTree = "<group>";
		};
		CED03B1816AA28660077CAB8 /* Supporting Files */ = {
			isa = PBXGroup;
			children = (
				CE78560916AE36980064460E /* Settings.bundle */,
				CED03B1916AA28660077CAB8 /* LoveLetter-Info.plist */,
				CED03B1A16AA28660077CAB8 /* InfoPlist.strings */,
				CED03B1D16AA28660077CAB8 /* main.m */,
				CED03B1F16AA28660077CAB8 /* LoveLetter-Prefix.pch */,
				CED03B4716AA37200077CAB8 /* constants.h */,
			);
			name = "Supporting Files";
			sourceTree = "<group>";
		};
		CED03B3716AA2D0A0077CAB8 /* ColourLovers */ = {
			isa = PBXGroup;
			children = (
				CE7855DF16AE34110064460E /* CLMothership.h */,
				CE7855E016AE34110064460E /* CLMothership.m */,
				CE7855E316AE34220064460E /* Model */,
			);
			name = ColourLovers;
			sourceTree = "<group>";
		};
		CED03B3E16AA322C0077CAB8 /* Pretty Views */ = {
			isa = PBXGroup;
			children = (
				CE78563B16BB482D0064460E /* Abstract */,
				CE78565D16C0A7FA0064460E /* Colors */,
				CE78565E16C0A8040064460E /* Palettes */,
				CE78565F16C0A8140064460E /* Patterns */,
			);
			name = "Pretty Views";
			sourceTree = "<group>";
		};
		CED1B70416E6CF99007C066D /* Launch Images */ = {
			isa = PBXGroup;
			children = (
				CED1B70F16E6D286007C066D /* iPhone */,
				CED1B70D16E6D149007C066D /* iPad */,
			);
			name = "Launch Images";
			sourceTree = "<group>";
		};
		CED1B70D16E6D149007C066D /* iPad */ = {
			isa = PBXGroup;
			children = (
				CED1B71616E6D575007C066D /* Default-Landscape.png */,
				CED1B71716E6D575007C066D /* Default-Landscape@2x.png */,
				CED1B71816E6D575007C066D /* Default-Portrait.png */,
				CED1B71916E6D575007C066D /* Default-Portrait@2x.png */,
			);
			name = iPad;
			sourceTree = "<group>";
		};
		CED1B70F16E6D286007C066D /* iPhone */ = {
			isa = PBXGroup;
			children = (
				CED1B71016E6D2A8007C066D /* Default.png */,
				CED1B71116E6D2A8007C066D /* Default-568h@2x.png */,
				CED1B71216E6D2A8007C066D /* Default@2x.png */,
			);
			name = iPhone;
			sourceTree = "<group>";
		};
		CED1B71F16E837C4007C066D /* Backgrounds */ = {
			isa = PBXGroup;
			children = (
				CED1B72716E848D5007C066D /* 480x480.png */,
				CED1B72516E83DB5007C066D /* 960x960.png */,
				CED1B72116E839CB007C066D /* 1136x1136.png */,
				CED1B72916E848E8007C066D /* 1024x1024.png */,
				CED1B72216E839CB007C066D /* 2048x2048.png */,
			);
			name = Backgrounds;
			sourceTree = "<group>";
		};
		CED1B72016E837D3007C066D /* Images */ = {
			isa = PBXGroup;
			children = (
				CED1B71F16E837C4007C066D /* Backgrounds */,
				CE307E2816D1A6BC0057A2FB /* Icons */,
				CED1B70416E6CF99007C066D /* Launch Images */,
			);
			name = Images;
			sourceTree = "<group>";
		};
/* End PBXGroup section */

/* Begin PBXNativeTarget section */
		CED03B0C16AA28660077CAB8 /* LoveLetter */ = {
			isa = PBXNativeTarget;
			buildConfigurationList = CED03B3416AA28660077CAB8 /* Build configuration list for PBXNativeTarget "LoveLetter" */;
			buildPhases = (
				CED03B0916AA28660077CAB8 /* Sources */,
				CED03B0A16AA28660077CAB8 /* Frameworks */,
				CED03B0B16AA28660077CAB8 /* Resources */,
			);
			buildRules = (
			);
			dependencies = (
			);
			name = LoveLetter;
			productName = LoveLetter;
			productReference = CED03B0D16AA28660077CAB8 /* LoveLetter.app */;
			productType = "com.apple.product-type.application";
		};
/* End PBXNativeTarget section */

/* Begin PBXProject section */
		CED03B0416AA28660077CAB8 /* Project object */ = {
			isa = PBXProject;
			attributes = {
				LastUpgradeCheck = 0450;
				ORGANIZATIONNAME = "Kevin Lawson";
			};
			buildConfigurationList = CED03B0716AA28660077CAB8 /* Build configuration list for PBXProject "LoveLetter" */;
			compatibilityVersion = "Xcode 3.2";
			developmentRegion = English;
			hasScannedForEncodings = 0;
			knownRegions = (
				en,
			);
			mainGroup = CED03B0216AA28660077CAB8;
			productRefGroup = CED03B0E16AA28660077CAB8 /* Products */;
			projectDirPath = "";
			projectRoot = "";
			targets = (
				CED03B0C16AA28660077CAB8 /* LoveLetter */,
			);
		};
/* End PBXProject section */

/* Begin PBXResourcesBuildPhase section */
		CED03B0B16AA28660077CAB8 /* Resources */ = {
			isa = PBXResourcesBuildPhase;
			buildActionMask = 2147483647;
			files = (
				CED03B1C16AA28660077CAB8 /* InfoPlist.strings in Resources */,
				CED03B2B16AA28660077CAB8 /* MainStoryboard_iPhone.storyboard in Resources */,
				CED03B2E16AA28660077CAB8 /* MainStoryboard_iPad.storyboard in Resources */,
				CE78560A16AE36980064460E /* Settings.bundle in Resources */,
				CE78564C16BCA30C0064460E /* SettingsViewController.xib in Resources */,
				CE4240C316DEF9CD0021209B /* Icon.png in Resources */,
				CE4240C516DEF9DB0021209B /* Icon@2x.png in Resources */,
				CE4240C716DEF9E40021209B /* Icon-72.png in Resources */,
				CE4240C916DEF9E80021209B /* Icon-72@2x.png in Resources */,
				CE613DEF16E0333000F815C8 /* heart.png in Resources */,
				CE613DF016E0333000F815C8 /* heart@2x.png in Resources */,
				CE637A0E16E03F9F0091455F /* gear.png in Resources */,
				CE637A0F16E03F9F0091455F /* gear@2x.png in Resources */,
				CED1B71316E6D2A8007C066D /* Default.png in Resources */,
				CED1B71416E6D2A8007C066D /* Default-568h@2x.png in Resources */,
				CED1B71516E6D2A8007C066D /* Default@2x.png in Resources */,
				CED1B71A16E6D575007C066D /* Default-Landscape.png in Resources */,
				CED1B71B16E6D575007C066D /* Default-Landscape@2x.png in Resources */,
				CED1B71C16E6D575007C066D /* Default-Portrait.png in Resources */,
				CED1B71D16E6D575007C066D /* Default-Portrait@2x.png in Resources */,
				CED1B72316E839CB007C066D /* 1136x1136.png in Resources */,
				CED1B72416E839CB007C066D /* 2048x2048.png in Resources */,
				CED1B72616E83DB5007C066D /* 960x960.png in Resources */,
				CED1B72816E848D5007C066D /* 480x480.png in Resources */,
				CED1B72A16E848E8007C066D /* 1024x1024.png in Resources */,
			);
			runOnlyForDeploymentPostprocessing = 0;
		};
/* End PBXResourcesBuildPhase section */

/* Begin PBXSourcesBuildPhase section */
		CED03B0916AA28660077CAB8 /* Sources */ = {
			isa = PBXSourcesBuildPhase;
			buildActionMask = 2147483647;
			files = (
				CED03B1E16AA28660077CAB8 /* main.m in Sources */,
				CED03B2216AA28660077CAB8 /* AppDelegate.m in Sources */,
				CED03B3116AA28660077CAB8 /* ViewController.m in Sources */,
				CED03B3A16AA2D5C0077CAB8 /* CLPalette.m in Sources */,
				CED03B3D16AA2E220077CAB8 /* CLSlat.m in Sources */,
				CE78556B16AB5BE40064460E /* CLPaletteViewController.m in Sources */,
				CE7855E116AE34110064460E /* CLMothership.m in Sources */,
				CE78560B16AE3A400064460E /* AFHTTPClient.m in Sources */,
				CE78560C16AE3A400064460E /* AFHTTPRequestOperation.m in Sources */,
				CE78560D16AE3A400064460E /* AFImageRequestOperation.m in Sources */,
				CE78560E16AE3A400064460E /* AFJSONRequestOperation.m in Sources */,
				CE78560F16AE3A400064460E /* AFNetworkActivityIndicatorManager.m in Sources */,
				CE78561016AE3A400064460E /* AFPropertyListRequestOperation.m in Sources */,
				CE78561116AE3A400064460E /* AFURLConnectionOperation.m in Sources */,
				CE78561216AE3A400064460E /* AFXMLRequestOperation.m in Sources */,
				CE78561316AE3A400064460E /* UIImageView+AFNetworking.m in Sources */,
				CE78563516BB47480064460E /* CLPrettyThingViewController.m in Sources */,
				CE78563916BB48190064460E /* CLPrettyThing.m in Sources */,
				CE78564B16BCA30C0064460E /* SettingsViewController.m in Sources */,
				CE78565116BE138E0064460E /* CLColor.m in Sources */,
				CE78565516BE1D4C0064460E /* CLPattern.m in Sources */,
				CE78565916BE21330064460E /* CLColorViewController.m in Sources */,
				CE78565C16BF707F0064460E /* CLPatternViewController.m in Sources */,
				CE78566216C0A9180064460E /* KLPatternShiftView.m in Sources */,
				CE804E1A16C4ACC70015FF35 /* NSMutableArray_Shuffling.m in Sources */,
				CE637A1216E04EEF0091455F /* OnlyPortraitNavigationController.m in Sources */,
			);
			runOnlyForDeploymentPostprocessing = 0;
		};
/* End PBXSourcesBuildPhase section */

/* Begin PBXVariantGroup section */
		CED03B1A16AA28660077CAB8 /* InfoPlist.strings */ = {
			isa = PBXVariantGroup;
			children = (
				CED03B1B16AA28660077CAB8 /* en */,
			);
			name = InfoPlist.strings;
			sourceTree = "<group>";
		};
		CED03B2916AA28660077CAB8 /* MainStoryboard_iPhone.storyboard */ = {
			isa = PBXVariantGroup;
			children = (
				CED03B2A16AA28660077CAB8 /* en */,
			);
			name = MainStoryboard_iPhone.storyboard;
			sourceTree = "<group>";
		};
		CED03B2C16AA28660077CAB8 /* MainStoryboard_iPad.storyboard */ = {
			isa = PBXVariantGroup;
			children = (
				CED03B2D16AA28660077CAB8 /* en */,
			);
			name = MainStoryboard_iPad.storyboard;
			sourceTree = "<group>";
		};
/* End PBXVariantGroup section */

/* Begin XCBuildConfiguration section */
		CED03B3216AA28660077CAB8 /* Debug */ = {
			isa = XCBuildConfiguration;
			buildSettings = {
				ALWAYS_SEARCH_USER_PATHS = NO;
				CLANG_CXX_LANGUAGE_STANDARD = "gnu++0x";
				CLANG_CXX_LIBRARY = "libc++";
				CLANG_ENABLE_OBJC_ARC = YES;
				CLANG_WARN_EMPTY_BODY = YES;
				CLANG_WARN__DUPLICATE_METHOD_MATCH = YES;
				"CODE_SIGN_IDENTITY[sdk=iphoneos*]" = "iPhone Developer";
				COPY_PHASE_STRIP = NO;
				GCC_C_LANGUAGE_STANDARD = gnu99;
				GCC_DYNAMIC_NO_PIC = NO;
				GCC_OPTIMIZATION_LEVEL = 0;
				GCC_PREPROCESSOR_DEFINITIONS = (
					"DEBUG=1",
					"$(inherited)",
				);
				GCC_SYMBOLS_PRIVATE_EXTERN = NO;
				GCC_WARN_ABOUT_RETURN_TYPE = YES;
				GCC_WARN_UNINITIALIZED_AUTOS = YES;
				GCC_WARN_UNUSED_VARIABLE = YES;
				IPHONEOS_DEPLOYMENT_TARGET = 6.0;
				ONLY_ACTIVE_ARCH = YES;
				SDKROOT = iphoneos;
				TARGETED_DEVICE_FAMILY = "1,2";
			};
			name = Debug;
		};
		CED03B3316AA28660077CAB8 /* Release */ = {
			isa = XCBuildConfiguration;
			buildSettings = {
				ALWAYS_SEARCH_USER_PATHS = NO;
				CLANG_CXX_LANGUAGE_STANDARD = "gnu++0x";
				CLANG_CXX_LIBRARY = "libc++";
				CLANG_ENABLE_OBJC_ARC = YES;
				CLANG_WARN_EMPTY_BODY = YES;
				CLANG_WARN__DUPLICATE_METHOD_MATCH = YES;
				"CODE_SIGN_IDENTITY[sdk=iphoneos*]" = "iPhone Developer";
				COPY_PHASE_STRIP = YES;
				GCC_C_LANGUAGE_STANDARD = gnu99;
				GCC_WARN_ABOUT_RETURN_TYPE = YES;
				GCC_WARN_UNINITIALIZED_AUTOS = YES;
				GCC_WARN_UNUSED_VARIABLE = YES;
				IPHONEOS_DEPLOYMENT_TARGET = 6.0;
				OTHER_CFLAGS = "-DNS_BLOCK_ASSERTIONS=1";
				SDKROOT = iphoneos;
				TARGETED_DEVICE_FAMILY = "1,2";
				VALIDATE_PRODUCT = YES;
			};
			name = Release;
		};
		CED03B3516AA28660077CAB8 /* Debug */ = {
			isa = XCBuildConfiguration;
			buildSettings = {
				GCC_PRECOMPILE_PREFIX_HEADER = YES;
				GCC_PREFIX_HEADER = "LoveLetter/LoveLetter-Prefix.pch";
				INFOPLIST_FILE = "LoveLetter/LoveLetter-Info.plist";
				PRODUCT_NAME = "$(TARGET_NAME)";
				WRAPPER_EXTENSION = app;
			};
			name = Debug;
		};
		CED03B3616AA28660077CAB8 /* Release */ = {
			isa = XCBuildConfiguration;
			buildSettings = {
				GCC_PRECOMPILE_PREFIX_HEADER = YES;
				GCC_PREFIX_HEADER = "LoveLetter/LoveLetter-Prefix.pch";
				INFOPLIST_FILE = "LoveLetter/LoveLetter-Info.plist";
				PRODUCT_NAME = "$(TARGET_NAME)";
				WRAPPER_EXTENSION = app;
			};
			name = Release;
		};
/* End XCBuildConfiguration section */

/* Begin XCConfigurationList section */
		CED03B0716AA28660077CAB8 /* Build configuration list for PBXProject "LoveLetter" */ = {
			isa = XCConfigurationList;
			buildConfigurations = (
				CED03B3216AA28660077CAB8 /* Debug */,
				CED03B3316AA28660077CAB8 /* Release */,
			);
			defaultConfigurationIsVisible = 0;
			defaultConfigurationName = Release;
		};
		CED03B3416AA28660077CAB8 /* Build configuration list for PBXNativeTarget "LoveLetter" */ = {
			isa = XCConfigurationList;
			buildConfigurations = (
				CED03B3516AA28660077CAB8 /* Debug */,
				CED03B3616AA28660077CAB8 /* Release */,
			);
			defaultConfigurationIsVisible = 0;
			defaultConfigurationName = Release;
		};
/* End XCConfigurationList section */
	};
	rootObject = CED03B0416AA28660077CAB8 /* Project object */;
}
